
Microsoft Visual Studio Solution File, Format Version 12.00
# Visual Studio Version 17
VisualStudioVersion = 17.5.33424.131
MinimumVisualStudioVersion = 10.0.40219.1
Project("{9A19103F-16F7-4668-BE54-9A1E7A4F7556}") = "webapi_test211223", "webapi_test211223.csproj", "{C13A5F98-D419-440E-8977-4CE29D7DDC27}"
EndProject
Project("{FAE04EC0-301F-11D3-BF4B-00C04F79EFBC}") = "webapi_test211223.Test", "..\webapi_test211223.Test\webapi_test211223.Test.csproj", "{ABA709F8-B62F-4599-97B0-FBCDCA7068E7}"
EndProject
Global
	GlobalSection(SolutionConfigurationPlatforms) = preSolution
		Debug|Any CPU = Debug|Any CPU
		Release|Any CPU = Release|Any CPU
	EndGlobalSection
	GlobalSection(ProjectConfigurationPlatforms) = postSolution
		{C13A5F98-D419-440E-8977-4CE29D7DDC27}.Debug|Any CPU.ActiveCfg = Debug|Any CPU
		{C13A5F98-D419-440E-8977-4CE29D7DDC27}.Debug|Any CPU.Build.0 = Debug|Any CPU
		{C13A5F98-D419-440E-8977-4CE29D7DDC27}.Release|Any CPU.ActiveCfg = Release|Any CPU
		{C13A5F98-D419-440E-8977-4CE29D7DDC27}.Release|Any CPU.Build.0 = Release|Any CPU
		{ABA709F8-B62F-4599-97B0-FBCDCA7068E7}.Debug|Any CPU.ActiveCfg = Debug|Any CPU
		{ABA709F8-B62F-4599-97B0-FBCDCA7068E7}.Debug|Any CPU.Build.0 = Debug|Any CPU
		{ABA709F8-B62F-4599-97B0-FBCDCA7068E7}.Release|Any CPU.ActiveCfg = Release|Any CPU
		{ABA709F8-B62F-4599-97B0-FBCDCA7068E7}.Release|Any CPU.Build.0 = Release|Any CPU
	EndGlobalSection
	GlobalSection(SolutionProperties) = preSolution
		HideSolutionNode = FALSE
	EndGlobalSection
	GlobalSection(ExtensibilityGlobals) = postSolution
		SolutionGuid = {2D05FCFB-F040-4925-B55D-E7E497B5F269}
	EndGlobalSection
EndGlobal
